
Microsoft Visual Studio Solution File, Format Version 12.00
# Visual Studio Version 17
VisualStudioVersion = 17.5.002.0
MinimumVisualStudioVersion = 10.0.40219.1
Project("{9A19103F-16F7-4668-BE54-9A1E7A4F7556}") = "generic", "generic.csproj", "{2D9F4B21-BAD1-49F5-9BB7-5DC0A8F2042B}"
EndProject
Global
	GlobalSection(SolutionConfigurationPlatforms) = preSolution
		Debug|Any CPU = Debug|Any CPU
		Release|Any CPU = Release|Any CPU
	EndGlobalSection
	GlobalSection(ProjectConfigurationPlatforms) = postSolution
		{2D9F4B21-BAD1-49F5-9BB7-5DC0A8F2042B}.Debug|Any CPU.ActiveCfg = Debug|Any CPU
		{2D9F4B21-BAD1-49F5-9BB7-5DC0A8F2042B}.Debug|Any CPU.Build.0 = Debug|Any CPU
		{2D9F4B21-BAD1-49F5-9BB7-5DC0A8F2042B}.Release|Any CPU.ActiveCfg = Release|Any CPU
		{2D9F4B21-BAD1-49F5-9BB7-5DC0A8F2042B}.Release|Any CPU.Build.0 = Release|Any CPU
	EndGlobalSection
	GlobalSection(SolutionProperties) = preSolution
		HideSolutionNode = FALSE
	EndGlobalSection
	GlobalSection(ExtensibilityGlobals) = postSolution
		SolutionGuid = {0AF706CF-C74B-47E9-978D-D18021961318}
	EndGlobalSection
EndGlobal
