Microsoft Visual Studio Solution File, Format Version 12.00
# Visual Studio Version 17
VisualStudioVersion = 17.5.002.0
MinimumVisualStudioVersion = 10.0.40219.1
Project("{9A19103F-16F7-4668-BE54-9A1E7A4F7556}") = "EFCore.API", "EFCore.API\EFCore.API.csproj", "{D6DAE8C9-5E4F-4F62-891B-9F620BAC9E6E}"
EndProject
Project("{FAE04EC0-301F-11D3-BF4B-00C04F79EFBC}") = "EFCore.Services", "EFCore.Services\EFCore.Services.csproj", "{090C79DF-CD36-4D20-9976-15CDD1402856}"
EndProject
Project("{FAE04EC0-301F-11D3-BF4B-00C04F79EFBC}") = "EFCore.DB", "EFCore.Db\EFCore.DB.csproj", "{B64D30A2-EE9E-4115-A524-14F0B99EFAF7}"
EndProject
Global
	GlobalSection(SolutionConfigurationPlatforms) = preSolution
		Debug|Any CPU = Debug|Any CPU
		Release|Any CPU = Release|Any CPU
	EndGlobalSection
	GlobalSection(ProjectConfigurationPlatforms) = postSolution
		{D6DAE8C9-5E4F-4F62-891B-9F620BAC9E6E}.Debug|Any CPU.ActiveCfg = Debug|Any CPU
		{D6DAE8C9-5E4F-4F62-891B-9F620BAC9E6E}.Debug|Any CPU.Build.0 = Debug|Any CPU
		{D6DAE8C9-5E4F-4F62-891B-9F620BAC9E6E}.Release|Any CPU.ActiveCfg = Release|Any CPU
		{D6DAE8C9-5E4F-4F62-891B-9F620BAC9E6E}.Release|Any CPU.Build.0 = Release|Any CPU
		{090C79DF-CD36-4D20-9976-15CDD1402856}.Debug|Any CPU.ActiveCfg = Debug|Any CPU
		{090C79DF-CD36-4D20-9976-15CDD1402856}.Debug|Any CPU.Build.0 = Debug|Any CPU
		{090C79DF-CD36-4D20-9976-15CDD1402856}.Release|Any CPU.ActiveCfg = Release|Any CPU
		{090C79DF-CD36-4D20-9976-15CDD1402856}.Release|Any CPU.Build.0 = Release|Any CPU
		{B64D30A2-EE9E-4115-A524-14F0B99EFAF7}.Debug|Any CPU.ActiveCfg = Debug|Any CPU
		{B64D30A2-EE9E-4115-A524-14F0B99EFAF7}.Debug|Any CPU.Build.0 = Debug|Any CPU
		{B64D30A2-EE9E-4115-A524-14F0B99EFAF7}.Release|Any CPU.ActiveCfg = Release|Any CPU
		{B64D30A2-EE9E-4115-A524-14F0B99EFAF7}.Release|Any CPU.Build.0 = Release|Any CPU
	EndGlobalSection
	GlobalSection(SolutionProperties) = preSolution
		HideSolutionNode = FALSE
	EndGlobalSection
	GlobalSection(ExtensibilityGlobals) = postSolution
		SolutionGuid = {66358F3A-06F7-42F0-9ECB-2A923A68289C}
	EndGlobalSection
EndGlobal
