
Microsoft Visual Studio Solution File, Format Version 12.00
# Visual Studio Version 17
VisualStudioVersion = 17.5.002.0
MinimumVisualStudioVersion = 10.0.40219.1
Project("{9A19103F-16F7-4668-BE54-9A1E7A4F7556}") = "StoredProcedures", "StoredProcedures.csproj", "{B4DA3710-7A4B-4132-8EC4-60136B3000B1}"
EndProject
Global
	GlobalSection(SolutionConfigurationPlatforms) = preSolution
		Debug|Any CPU = Debug|Any CPU
		Release|Any CPU = Release|Any CPU
	EndGlobalSection
	GlobalSection(ProjectConfigurationPlatforms) = postSolution
		{B4DA3710-7A4B-4132-8EC4-60136B3000B1}.Debug|Any CPU.ActiveCfg = Debug|Any CPU
		{B4DA3710-7A4B-4132-8EC4-60136B3000B1}.Debug|Any CPU.Build.0 = Debug|Any CPU
		{B4DA3710-7A4B-4132-8EC4-60136B3000B1}.Release|Any CPU.ActiveCfg = Release|Any CPU
		{B4DA3710-7A4B-4132-8EC4-60136B3000B1}.Release|Any CPU.Build.0 = Release|Any CPU
	EndGlobalSection
	GlobalSection(SolutionProperties) = preSolution
		HideSolutionNode = FALSE
	EndGlobalSection
	GlobalSection(ExtensibilityGlobals) = postSolution
		SolutionGuid = {71CDB5BE-4B61-42FA-AEC3-1F4CF9C1BB9B}
	EndGlobalSection
EndGlobal
