
Microsoft Visual Studio Solution File, Format Version 12.00
# Visual Studio Version 17
VisualStudioVersion = 17.5.002.0
MinimumVisualStudioVersion = 10.0.40219.1
Project("{9A19103F-16F7-4668-BE54-9A1E7A4F7556}") = "ThreadCtors", "ThreadCtors.csproj", "{11170B99-B604-4C89-82AC-614B01D68015}"
EndProject
Global
	GlobalSection(SolutionConfigurationPlatforms) = preSolution
		Debug|Any CPU = Debug|Any CPU
		Release|Any CPU = Release|Any CPU
	EndGlobalSection
	GlobalSection(ProjectConfigurationPlatforms) = postSolution
		{11170B99-B604-4C89-82AC-614B01D68015}.Debug|Any CPU.ActiveCfg = Debug|Any CPU
		{11170B99-B604-4C89-82AC-614B01D68015}.Debug|Any CPU.Build.0 = Debug|Any CPU
		{11170B99-B604-4C89-82AC-614B01D68015}.Release|Any CPU.ActiveCfg = Release|Any CPU
		{11170B99-B604-4C89-82AC-614B01D68015}.Release|Any CPU.Build.0 = Release|Any CPU
	EndGlobalSection
	GlobalSection(SolutionProperties) = preSolution
		HideSolutionNode = FALSE
	EndGlobalSection
	GlobalSection(ExtensibilityGlobals) = postSolution
		SolutionGuid = {3C8B6957-FD10-4F4C-9FA0-525D43E8DB9A}
	EndGlobalSection
EndGlobal
