
Microsoft Visual Studio Solution File, Format Version 12.00
# Visual Studio Version 17
VisualStudioVersion = 17.5.002.0
MinimumVisualStudioVersion = 10.0.40219.1
Project("{9A19103F-16F7-4668-BE54-9A1E7A4F7556}") = "ThreadSynchronisation", "ThreadSynchronisation.csproj", "{A2505426-37CB-471F-A376-D703712FE779}"
EndProject
Global
	GlobalSection(SolutionConfigurationPlatforms) = preSolution
		Debug|Any CPU = Debug|Any CPU
		Release|Any CPU = Release|Any CPU
	EndGlobalSection
	GlobalSection(ProjectConfigurationPlatforms) = postSolution
		{A2505426-37CB-471F-A376-D703712FE779}.Debug|Any CPU.ActiveCfg = Debug|Any CPU
		{A2505426-37CB-471F-A376-D703712FE779}.Debug|Any CPU.Build.0 = Debug|Any CPU
		{A2505426-37CB-471F-A376-D703712FE779}.Release|Any CPU.ActiveCfg = Release|Any CPU
		{A2505426-37CB-471F-A376-D703712FE779}.Release|Any CPU.Build.0 = Release|Any CPU
	EndGlobalSection
	GlobalSection(SolutionProperties) = preSolution
		HideSolutionNode = FALSE
	EndGlobalSection
	GlobalSection(ExtensibilityGlobals) = postSolution
		SolutionGuid = {B55374F2-71BD-4706-BA35-80D7125BF8F6}
	EndGlobalSection
EndGlobal
