
Microsoft Visual Studio Solution File, Format Version 12.00
# Visual Studio Version 17
VisualStudioVersion = 17.5.002.0
MinimumVisualStudioVersion = 10.0.40219.1
Project("{9A19103F-16F7-4668-BE54-9A1E7A4F7556}") = "PartialClass", "PartialClass.csproj", "{A1B65166-64A6-4D9B-986C-02FD170869EE}"
EndProject
Global
	GlobalSection(SolutionConfigurationPlatforms) = preSolution
		Debug|Any CPU = Debug|Any CPU
		Release|Any CPU = Release|Any CPU
	EndGlobalSection
	GlobalSection(ProjectConfigurationPlatforms) = postSolution
		{A1B65166-64A6-4D9B-986C-02FD170869EE}.Debug|Any CPU.ActiveCfg = Debug|Any CPU
		{A1B65166-64A6-4D9B-986C-02FD170869EE}.Debug|Any CPU.Build.0 = Debug|Any CPU
		{A1B65166-64A6-4D9B-986C-02FD170869EE}.Release|Any CPU.ActiveCfg = Release|Any CPU
		{A1B65166-64A6-4D9B-986C-02FD170869EE}.Release|Any CPU.Build.0 = Release|Any CPU
	EndGlobalSection
	GlobalSection(SolutionProperties) = preSolution
		HideSolutionNode = FALSE
	EndGlobalSection
	GlobalSection(ExtensibilityGlobals) = postSolution
		SolutionGuid = {04582BA2-8BAC-44E1-A5B0-4168657064B9}
	EndGlobalSection
EndGlobal
