
Microsoft Visual Studio Solution File, Format Version 12.00
# Visual Studio Version 17
VisualStudioVersion = 17.5.002.0
MinimumVisualStudioVersion = 10.0.40219.1
Project("{9A19103F-16F7-4668-BE54-9A1E7A4F7556}") = "Prac1-1.API", "Prac1-1.API\Prac1-1.API.csproj", "{BD6D8760-8B40-45FC-8977-784192458C09}"
EndProject
Global
	GlobalSection(SolutionConfigurationPlatforms) = preSolution
		Debug|Any CPU = Debug|Any CPU
		Release|Any CPU = Release|Any CPU
	EndGlobalSection
	GlobalSection(ProjectConfigurationPlatforms) = postSolution
		{BD6D8760-8B40-45FC-8977-784192458C09}.Debug|Any CPU.ActiveCfg = Debug|Any CPU
		{BD6D8760-8B40-45FC-8977-784192458C09}.Debug|Any CPU.Build.0 = Debug|Any CPU
		{BD6D8760-8B40-45FC-8977-784192458C09}.Release|Any CPU.ActiveCfg = Release|Any CPU
		{BD6D8760-8B40-45FC-8977-784192458C09}.Release|Any CPU.Build.0 = Release|Any CPU
	EndGlobalSection
	GlobalSection(SolutionProperties) = preSolution
		HideSolutionNode = FALSE
	EndGlobalSection
	GlobalSection(ExtensibilityGlobals) = postSolution
		SolutionGuid = {988BE7E3-C661-4745-A7B9-E7CF59CF2F72}
	EndGlobalSection
EndGlobal
