
Microsoft Visual Studio Solution File, Format Version 12.00
# Visual Studio Version 17
VisualStudioVersion = 17.5.002.0
MinimumVisualStudioVersion = 10.0.40219.1
Project("{9A19103F-16F7-4668-BE54-9A1E7A4F7556}") = "TaskManagement.API", "TaskManagement.API\TaskManagement.API.csproj", "{0D9EC3E9-FE94-47B9-9108-B210D7064982}"
EndProject
Project("{FAE04EC0-301F-11D3-BF4B-00C04F79EFBC}") = "TaskManagement.DataBase", "TaskManagement.DataBase\TaskManagement.DataBase.csproj", "{97281188-1FCA-49C7-9FF1-7761919BAB26}"
EndProject
Project("{FAE04EC0-301F-11D3-BF4B-00C04F79EFBC}") = "TaskManagement.Services", "TaskManagement.Services\TaskManagement.Services.csproj", "{639AE2E1-F9C8-4746-B99D-B3C013672976}"
EndProject
Project("{FAE04EC0-301F-11D3-BF4B-00C04F79EFBC}") = "TaskManagement.Utility", "TaskManagement.Utility\TaskManagement.Utility.csproj", "{0A34B494-262C-44BD-9C2B-D476BE4D6ECD}"
EndProject
Global
	GlobalSection(SolutionConfigurationPlatforms) = preSolution
		Debug|Any CPU = Debug|Any CPU
		Release|Any CPU = Release|Any CPU
	EndGlobalSection
	GlobalSection(ProjectConfigurationPlatforms) = postSolution
		{0D9EC3E9-FE94-47B9-9108-B210D7064982}.Debug|Any CPU.ActiveCfg = Debug|Any CPU
		{0D9EC3E9-FE94-47B9-9108-B210D7064982}.Debug|Any CPU.Build.0 = Debug|Any CPU
		{0D9EC3E9-FE94-47B9-9108-B210D7064982}.Release|Any CPU.ActiveCfg = Release|Any CPU
		{0D9EC3E9-FE94-47B9-9108-B210D7064982}.Release|Any CPU.Build.0 = Release|Any CPU
		{97281188-1FCA-49C7-9FF1-7761919BAB26}.Debug|Any CPU.ActiveCfg = Debug|Any CPU
		{97281188-1FCA-49C7-9FF1-7761919BAB26}.Debug|Any CPU.Build.0 = Debug|Any CPU
		{97281188-1FCA-49C7-9FF1-7761919BAB26}.Release|Any CPU.ActiveCfg = Release|Any CPU
		{97281188-1FCA-49C7-9FF1-7761919BAB26}.Release|Any CPU.Build.0 = Release|Any CPU
		{639AE2E1-F9C8-4746-B99D-B3C013672976}.Debug|Any CPU.ActiveCfg = Debug|Any CPU
		{639AE2E1-F9C8-4746-B99D-B3C013672976}.Debug|Any CPU.Build.0 = Debug|Any CPU
		{639AE2E1-F9C8-4746-B99D-B3C013672976}.Release|Any CPU.ActiveCfg = Release|Any CPU
		{639AE2E1-F9C8-4746-B99D-B3C013672976}.Release|Any CPU.Build.0 = Release|Any CPU
		{0A34B494-262C-44BD-9C2B-D476BE4D6ECD}.Debug|Any CPU.ActiveCfg = Debug|Any CPU
		{0A34B494-262C-44BD-9C2B-D476BE4D6ECD}.Debug|Any CPU.Build.0 = Debug|Any CPU
		{0A34B494-262C-44BD-9C2B-D476BE4D6ECD}.Release|Any CPU.ActiveCfg = Release|Any CPU
		{0A34B494-262C-44BD-9C2B-D476BE4D6ECD}.Release|Any CPU.Build.0 = Release|Any CPU
	EndGlobalSection
	GlobalSection(SolutionProperties) = preSolution
		HideSolutionNode = FALSE
	EndGlobalSection
	GlobalSection(ExtensibilityGlobals) = postSolution
		SolutionGuid = {1B78387F-7EDF-4544-AC30-DF4FE1A4D7E9}
	EndGlobalSection
EndGlobal
