
Microsoft Visual Studio Solution File, Format Version 12.00
# Visual Studio Version 17
VisualStudioVersion = 17.5.002.0
MinimumVisualStudioVersion = 10.0.40219.1
Project("{9A19103F-16F7-4668-BE54-9A1E7A4F7556}") = "async&await", "async&await.csproj", "{EE93D2EB-3AE6-4CD8-B8FC-64E6B63846B5}"
EndProject
Global
	GlobalSection(SolutionConfigurationPlatforms) = preSolution
		Debug|Any CPU = Debug|Any CPU
		Release|Any CPU = Release|Any CPU
	EndGlobalSection
	GlobalSection(ProjectConfigurationPlatforms) = postSolution
		{EE93D2EB-3AE6-4CD8-B8FC-64E6B63846B5}.Debug|Any CPU.ActiveCfg = Debug|Any CPU
		{EE93D2EB-3AE6-4CD8-B8FC-64E6B63846B5}.Debug|Any CPU.Build.0 = Debug|Any CPU
		{EE93D2EB-3AE6-4CD8-B8FC-64E6B63846B5}.Release|Any CPU.ActiveCfg = Release|Any CPU
		{EE93D2EB-3AE6-4CD8-B8FC-64E6B63846B5}.Release|Any CPU.Build.0 = Release|Any CPU
	EndGlobalSection
	GlobalSection(SolutionProperties) = preSolution
		HideSolutionNode = FALSE
	EndGlobalSection
	GlobalSection(ExtensibilityGlobals) = postSolution
		SolutionGuid = {3DF485C0-AA46-4296-9586-49D9E74E555C}
	EndGlobalSection
EndGlobal
