
Microsoft Visual Studio Solution File, Format Version 12.00
# Visual Studio Version 17
VisualStudioVersion = 17.5.002.0
MinimumVisualStudioVersion = 10.0.40219.1
Project("{9A19103F-16F7-4668-BE54-9A1E7A4F7556}") = "FactoryPattern", "FactoryPattern.csproj", "{59E0E557-FBE9-475A-83AB-127757A2D933}"
EndProject
Global
	GlobalSection(SolutionConfigurationPlatforms) = preSolution
		Debug|Any CPU = Debug|Any CPU
		Release|Any CPU = Release|Any CPU
	EndGlobalSection
	GlobalSection(ProjectConfigurationPlatforms) = postSolution
		{59E0E557-FBE9-475A-83AB-127757A2D933}.Debug|Any CPU.ActiveCfg = Debug|Any CPU
		{59E0E557-FBE9-475A-83AB-127757A2D933}.Debug|Any CPU.Build.0 = Debug|Any CPU
		{59E0E557-FBE9-475A-83AB-127757A2D933}.Release|Any CPU.ActiveCfg = Release|Any CPU
		{59E0E557-FBE9-475A-83AB-127757A2D933}.Release|Any CPU.Build.0 = Release|Any CPU
	EndGlobalSection
	GlobalSection(SolutionProperties) = preSolution
		HideSolutionNode = FALSE
	EndGlobalSection
	GlobalSection(ExtensibilityGlobals) = postSolution
		SolutionGuid = {B51FEE9E-AF50-409F-82E6-B858F503C094}
	EndGlobalSection
EndGlobal
