
Microsoft Visual Studio Solution File, Format Version 12.00
# Visual Studio Version 17
VisualStudioVersion = 17.5.002.0
MinimumVisualStudioVersion = 10.0.40219.1
Project("{9A19103F-16F7-4668-BE54-9A1E7A4F7556}") = "hashtable", "hashtable.csproj", "{66A4E59D-51BE-4C77-9384-A25B837C1614}"
EndProject
Global
	GlobalSection(SolutionConfigurationPlatforms) = preSolution
		Debug|Any CPU = Debug|Any CPU
		Release|Any CPU = Release|Any CPU
	EndGlobalSection
	GlobalSection(ProjectConfigurationPlatforms) = postSolution
		{66A4E59D-51BE-4C77-9384-A25B837C1614}.Debug|Any CPU.ActiveCfg = Debug|Any CPU
		{66A4E59D-51BE-4C77-9384-A25B837C1614}.Debug|Any CPU.Build.0 = Debug|Any CPU
		{66A4E59D-51BE-4C77-9384-A25B837C1614}.Release|Any CPU.ActiveCfg = Release|Any CPU
		{66A4E59D-51BE-4C77-9384-A25B837C1614}.Release|Any CPU.Build.0 = Release|Any CPU
	EndGlobalSection
	GlobalSection(SolutionProperties) = preSolution
		HideSolutionNode = FALSE
	EndGlobalSection
	GlobalSection(ExtensibilityGlobals) = postSolution
		SolutionGuid = {D0D74E94-5470-4A90-A1C6-FFCF01B19B50}
	EndGlobalSection
EndGlobal
