
Microsoft Visual Studio Solution File, Format Version 12.00
# Visual Studio Version 17
VisualStudioVersion = 17.5.002.0
MinimumVisualStudioVersion = 10.0.40219.1
Project("{9A19103F-16F7-4668-BE54-9A1E7A4F7556}") = "Callback", "Callback.csproj", "{A14C9AB9-C549-4610-A2AE-E34BFC763F5E}"
EndProject
Global
	GlobalSection(SolutionConfigurationPlatforms) = preSolution
		Debug|Any CPU = Debug|Any CPU
		Release|Any CPU = Release|Any CPU
	EndGlobalSection
	GlobalSection(ProjectConfigurationPlatforms) = postSolution
		{A14C9AB9-C549-4610-A2AE-E34BFC763F5E}.Debug|Any CPU.ActiveCfg = Debug|Any CPU
		{A14C9AB9-C549-4610-A2AE-E34BFC763F5E}.Debug|Any CPU.Build.0 = Debug|Any CPU
		{A14C9AB9-C549-4610-A2AE-E34BFC763F5E}.Release|Any CPU.ActiveCfg = Release|Any CPU
		{A14C9AB9-C549-4610-A2AE-E34BFC763F5E}.Release|Any CPU.Build.0 = Release|Any CPU
	EndGlobalSection
	GlobalSection(SolutionProperties) = preSolution
		HideSolutionNode = FALSE
	EndGlobalSection
	GlobalSection(ExtensibilityGlobals) = postSolution
		SolutionGuid = {9F2C2456-F69C-462D-9125-111A3826FC3C}
	EndGlobalSection
EndGlobal
